// !$*UTF8*$!
{
	archiveVersion = 1;
	classes = {
	};
	objectVersion = 56;
	objects = {

/* Begin PBXBuildFile section */
		F88C41562AB36F74006EFC18 /* Music.swift in Sources */ = {isa = PBXBuildFile; fileRef = F88C41552AB36F74006EFC18 /* Music.swift */; };
		F89DD7572AB0D0560077C1E4 /* AppDelegate.swift in Sources */ = {isa = PBXBuildFile; fileRef = F89DD7562AB0D0560077C1E4 /* AppDelegate.swift */; };
		F89DD7592AB0D0560077C1E4 /* SceneDelegate.swift in Sources */ = {isa = PBXBuildFile; fileRef = F89DD7582AB0D0560077C1E4 /* SceneDelegate.swift */; };
		F89DD75B2AB0D0560077C1E4 /* ViewController.swift in Sources */ = {isa = PBXBuildFile; fileRef = F89DD75A2AB0D0560077C1E4 /* ViewController.swift */; };
		F89DD75E2AB0D0560077C1E4 /* Main.storyboard in Resources */ = {isa = PBXBuildFile; fileRef = F89DD75C2AB0D0560077C1E4 /* Main.storyboard */; };
		F89DD7602AB0D05B0077C1E4 /* Assets.xcassets in Resources */ = {isa = PBXBuildFile; fileRef = F89DD75F2AB0D05B0077C1E4 /* Assets.xcassets */; };
		F89DD7632AB0D05B0077C1E4 /* LaunchScreen.storyboard in Resources */ = {isa = PBXBuildFile; fileRef = F89DD7612AB0D05B0077C1E4 /* LaunchScreen.storyboard */; };
		F89DD76E2AB0D05B0077C1E4 /* MusicPlayerTests.swift in Sources */ = {isa = PBXBuildFile; fileRef = F89DD76D2AB0D05B0077C1E4 /* MusicPlayerTests.swift */; };
		F89DD7782AB0D05B0077C1E4 /* MusicPlayerUITests.swift in Sources */ = {isa = PBXBuildFile; fileRef = F89DD7772AB0D05B0077C1E4 /* MusicPlayerUITests.swift */; };
		F89DD77A2AB0D05B0077C1E4 /* MusicPlayerUITestsLaunchTests.swift in Sources */ = {isa = PBXBuildFile; fileRef = F89DD7792AB0D05B0077C1E4 /* MusicPlayerUITestsLaunchTests.swift */; };
		F8AD2D392ABA069400EB4AEB /* SettingsViewController.swift in Sources */ = {isa = PBXBuildFile; fileRef = F8AD2D382ABA069400EB4AEB /* SettingsViewController.swift */; };
		F8AD2D3D2ABA0BBD00EB4AEB /* ProfileViewController.swift in Sources */ = {isa = PBXBuildFile; fileRef = F8AD2D3C2ABA0BBD00EB4AEB /* ProfileViewController.swift */; };
		F8AD2D3F2ABC9FF200EB4AEB /* song.m4a in Resources */ = {isa = PBXBuildFile; fileRef = F8AD2D3E2ABC9FF200EB4AEB /* song.m4a */; };
/* End PBXBuildFile section */

/* Begin PBXContainerItemProxy section */
		F89DD76A2AB0D05B0077C1E4 /* PBXContainerItemProxy */ = {
			isa = PBXContainerItemProxy;
			containerPortal = F89DD74B2AB0D0560077C1E4 /* Project object */;
			proxyType = 1;
			remoteGlobalIDString = F89DD7522AB0D0560077C1E4;
			remoteInfo = MusicPlayer;
		};
		F89DD7742AB0D05B0077C1E4 /* PBXContainerItemProxy */ = {
			isa = PBXContainerItemProxy;
			containerPortal = F89DD74B2AB0D0560077C1E4 /* Project object */;
			proxyType = 1;
			remoteGlobalIDString = F89DD7522AB0D0560077C1E4;
			remoteInfo = MusicPlayer;
		};
/* End PBXContainerItemProxy section */

/* Begin PBXFileReference section */
		F88C41552AB36F74006EFC18 /* Music.swift */ = {isa = PBXFileReference; lastKnownFileType = sourcecode.swift; path = Music.swift; sourceTree = "<group>"; };
		F89DD7532AB0D0560077C1E4 /* MusicPlayer.app */ = {isa = PBXFileReference; explicitFileType = wrapper.application; includeInIndex = 0; path = MusicPlayer.app; sourceTree = BUILT_PRODUCTS_DIR; };
		F89DD7562AB0D0560077C1E4 /* AppDelegate.swift */ = {isa = PBXFileReference; lastKnownFileType = sourcecode.swift; path = AppDelegate.swift; sourceTree = "<group>"; };
		F89DD7582AB0D0560077C1E4 /* SceneDelegate.swift */ = {isa = PBXFileReference; lastKnownFileType = sourcecode.swift; path = SceneDelegate.swift; sourceTree = "<group>"; };
		F89DD75A2AB0D0560077C1E4 /* ViewController.swift */ = {isa = PBXFileReference; lastKnownFileType = sourcecode.swift; path = ViewController.swift; sourceTree = "<group>"; };
		F89DD75D2AB0D0560077C1E4 /* Base */ = {isa = PBXFileReference; lastKnownFileType = file.storyboard; name = Base; path = Base.lproj/Main.storyboard; sourceTree = "<group>"; };
		F89DD75F2AB0D05B0077C1E4 /* Assets.xcassets */ = {isa = PBXFileReference; lastKnownFileType = folder.assetcatalog; path = Assets.xcassets; sourceTree = "<group>"; };
		F89DD7622AB0D05B0077C1E4 /* Base */ = {isa = PBXFileReference; lastKnownFileType = file.storyboard; name = Base; path = Base.lproj/LaunchScreen.storyboard; sourceTree = "<group>"; };
		F89DD7642AB0D05B0077C1E4 /* Info.plist */ = {isa = PBXFileReference; lastKnownFileType = text.plist.xml; path = Info.plist; sourceTree = "<group>"; };
		F89DD7692AB0D05B0077C1E4 /* MusicPlayerTests.xctest */ = {isa = PBXFileReference; explicitFileType = wrapper.cfbundle; includeInIndex = 0; path = MusicPlayerTests.xctest; sourceTree = BUILT_PRODUCTS_DIR; };
		F89DD76D2AB0D05B0077C1E4 /* MusicPlayerTests.swift */ = {isa = PBXFileReference; lastKnownFileType = sourcecode.swift; path = MusicPlayerTests.swift; sourceTree = "<group>"; };
		F89DD7732AB0D05B0077C1E4 /* MusicPlayerUITests.xctest */ = {isa = PBXFileReference; explicitFileType = wrapper.cfbundle; includeInIndex = 0; path = MusicPlayerUITests.xctest; sourceTree = BUILT_PRODUCTS_DIR; };
		F89DD7772AB0D05B0077C1E4 /* MusicPlayerUITests.swift */ = {isa = PBXFileReference; lastKnownFileType = sourcecode.swift; path = MusicPlayerUITests.swift; sourceTree = "<group>"; };
		F89DD7792AB0D05B0077C1E4 /* MusicPlayerUITestsLaunchTests.swift */ = {isa = PBXFileReference; lastKnownFileType = sourcecode.swift; path = MusicPlayerUITestsLaunchTests.swift; sourceTree = "<group>"; };
		F8AD2D382ABA069400EB4AEB /* SettingsViewController.swift */ = {isa = PBXFileReference; lastKnownFileType = sourcecode.swift; path = SettingsViewController.swift; sourceTree = "<group>"; };
		F8AD2D3C2ABA0BBD00EB4AEB /* ProfileViewController.swift */ = {isa = PBXFileReference; lastKnownFileType = sourcecode.swift; path = ProfileViewController.swift; sourceTree = "<group>"; };
		F8AD2D3E2ABC9FF200EB4AEB /* song.m4a */ = {isa = PBXFileReference; lastKnownFileType = file; name = song.m4a; path = ../../../Downloads/song.m4a; sourceTree = "<group>"; };
/* End PBXFileReference section */

/* Begin PBXFrameworksBuildPhase section */
		F89DD7502AB0D0560077C1E4 /* Frameworks */ = {
			isa = PBXFrameworksBuildPhase;
			buildActionMask = 2147483647;
			files = (
			);
			runOnlyForDeploymentPostprocessing = 0;
		};
		F89DD7662AB0D05B0077C1E4 /* Frameworks */ = {
			isa = PBXFrameworksBuildPhase;
			buildActionMask = 2147483647;
			files = (
			);
			runOnlyForDeploymentPostprocessing = 0;
		};
		F89DD7702AB0D05B0077C1E4 /* Frameworks */ = {
			isa = PBXFrameworksBuildPhase;
			buildActionMask = 2147483647;
			files = (
			);
			runOnlyForDeploymentPostprocessing = 0;
		};
/* End PBXFrameworksBuildPhase section */

/* Begin PBXGroup section */
		F89DD74A2AB0D0560077C1E4 = {
			isa = PBXGroup;
			children = (
				F89DD7552AB0D0560077C1E4 /* MusicPlayer */,
				F89DD76C2AB0D05B0077C1E4 /* MusicPlayerTests */,
				F89DD7762AB0D05B0077C1E4 /* MusicPlayerUITests */,
				F89DD7542AB0D0560077C1E4 /* Products */,
			);
			sourceTree = "<group>";
		};
		F89DD7542AB0D0560077C1E4 /* Products */ = {
			isa = PBXGroup;
			children = (
				F89DD7532AB0D0560077C1E4 /* MusicPlayer.app */,
				F89DD7692AB0D05B0077C1E4 /* MusicPlayerTests.xctest */,
				F89DD7732AB0D05B0077C1E4 /* MusicPlayerUITests.xctest */,
			);
			name = Products;
			sourceTree = "<group>";
		};
		F89DD7552AB0D0560077C1E4 /* MusicPlayer */ = {
			isa = PBXGroup;
			children = (
				F89DD7562AB0D0560077C1E4 /* AppDelegate.swift */,
				F89DD7582AB0D0560077C1E4 /* SceneDelegate.swift */,
				F89DD75A2AB0D0560077C1E4 /* ViewController.swift */,
				F88C41552AB36F74006EFC18 /* Music.swift */,
				F8AD2D3E2ABC9FF200EB4AEB /* song.m4a */,
				F89DD75C2AB0D0560077C1E4 /* Main.storyboard */,
				F8AD2D3C2ABA0BBD00EB4AEB /* ProfileViewController.swift */,
				F8AD2D382ABA069400EB4AEB /* SettingsViewController.swift */,
				F89DD75F2AB0D05B0077C1E4 /* Assets.xcassets */,
				F89DD7612AB0D05B0077C1E4 /* LaunchScreen.storyboard */,
				F89DD7642AB0D05B0077C1E4 /* Info.plist */,
			);
			path = MusicPlayer;
			sourceTree = "<group>";
		};
		F89DD76C2AB0D05B0077C1E4 /* MusicPlayerTests */ = {
			isa = PBXGroup;
			children = (
				F89DD76D2AB0D05B0077C1E4 /* MusicPlayerTests.swift */,
			);
			path = MusicPlayerTests;
			sourceTree = "<group>";
		};
		F89DD7762AB0D05B0077C1E4 /* MusicPlayerUITests */ = {
			isa = PBXGroup;
			children = (
				F89DD7772AB0D05B0077C1E4 /* MusicPlayerUITests.swift */,
				F89DD7792AB0D05B0077C1E4 /* MusicPlayerUITestsLaunchTests.swift */,
			);
			path = MusicPlayerUITests;
			sourceTree = "<group>";
		};
/* End PBXGroup section */

/* Begin PBXNativeTarget section */
		F89DD7522AB0D0560077C1E4 /* MusicPlayer */ = {
			isa = PBXNativeTarget;
			buildConfigurationList = F89DD77D2AB0D05B0077C1E4 /* Build configuration list for PBXNativeTarget "MusicPlayer" */;
			buildPhases = (
				F89DD74F2AB0D0560077C1E4 /* Sources */,
				F89DD7502AB0D0560077C1E4 /* Frameworks */,
				F89DD7512AB0D0560077C1E4 /* Resources */,
			);
			buildRules = (
			);
			dependencies = (
			);
			name = MusicPlayer;
			productName = MusicPlayer;
			productReference = F89DD7532AB0D0560077C1E4 /* MusicPlayer.app */;
			productType = "com.apple.product-type.application";
		};
		F89DD7682AB0D05B0077C1E4 /* MusicPlayerTests */ = {
			isa = PBXNativeTarget;
			buildConfigurationList = F89DD7802AB0D05B0077C1E4 /* Build configuration list for PBXNativeTarget "MusicPlayerTests" */;
			buildPhases = (
				F89DD7652AB0D05B0077C1E4 /* Sources */,
				F89DD7662AB0D05B0077C1E4 /* Frameworks */,
				F89DD7672AB0D05B0077C1E4 /* Resources */,
			);
			buildRules = (
			);
			dependencies = (
				F89DD76B2AB0D05B0077C1E4 /* PBXTargetDependency */,
			);
			name = MusicPlayerTests;
			productName = MusicPlayerTests;
			productReference = F89DD7692AB0D05B0077C1E4 /* MusicPlayerTests.xctest */;
			productType = "com.apple.product-type.bundle.unit-test";
		};
		F89DD7722AB0D05B0077C1E4 /* MusicPlayerUITests */ = {
			isa = PBXNativeTarget;
			buildConfigurationList = F89DD7832AB0D05B0077C1E4 /* Build configuration list for PBXNativeTarget "MusicPlayerUITests" */;
			buildPhases = (
				F89DD76F2AB0D05B0077C1E4 /* Sources */,
				F89DD7702AB0D05B0077C1E4 /* Frameworks */,
				F89DD7712AB0D05B0077C1E4 /* Resources */,
			);
			buildRules = (
			);
			dependencies = (
				F89DD7752AB0D05B0077C1E4 /* PBXTargetDependency */,
			);
			name = MusicPlayerUITests;
			productName = MusicPlayerUITests;
			productReference = F89DD7732AB0D05B0077C1E4 /* MusicPlayerUITests.xctest */;
			productType = "com.apple.product-type.bundle.ui-testing";
		};
/* End PBXNativeTarget section */

/* Begin PBXProject section */
		F89DD74B2AB0D0560077C1E4 /* Project object */ = {
			isa = PBXProject;
			attributes = {
				BuildIndependentTargetsInParallel = 1;
				LastSwiftUpdateCheck = 1430;
				LastUpgradeCheck = 1430;
				TargetAttributes = {
					F89DD7522AB0D0560077C1E4 = {
						CreatedOnToolsVersion = 14.3.1;
					};
					F89DD7682AB0D05B0077C1E4 = {
						CreatedOnToolsVersion = 14.3.1;
						TestTargetID = F89DD7522AB0D0560077C1E4;
					};
					F89DD7722AB0D05B0077C1E4 = {
						CreatedOnToolsVersion = 14.3.1;
						TestTargetID = F89DD7522AB0D0560077C1E4;
					};
				};
			};
			buildConfigurationList = F89DD74E2AB0D0560077C1E4 /* Build configuration list for PBXProject "MusicPlayer" */;
			compatibilityVersion = "Xcode 14.0";
			developmentRegion = en;
			hasScannedForEncodings = 0;
			knownRegions = (
				en,
				Base,
			);
			mainGroup = F89DD74A2AB0D0560077C1E4;
			productRefGroup = F89DD7542AB0D0560077C1E4 /* Products */;
			projectDirPath = "";
			projectRoot = "";
			targets = (
				F89DD7522AB0D0560077C1E4 /* MusicPlayer */,
				F89DD7682AB0D05B0077C1E4 /* MusicPlayerTests */,
				F89DD7722AB0D05B0077C1E4 /* MusicPlayerUITests */,
			);
		};
/* End PBXProject section */

/* Begin PBXResourcesBuildPhase section */
		F89DD7512AB0D0560077C1E4 /* Resources */ = {
			isa = PBXResourcesBuildPhase;
			buildActionMask = 2147483647;
			files = (
				F89DD7632AB0D05B0077C1E4 /* LaunchScreen.storyboard in Resources */,
				F89DD7602AB0D05B0077C1E4 /* Assets.xcassets in Resources */,
				F89DD75E2AB0D0560077C1E4 /* Main.storyboard in Resources */,
				F8AD2D3F2ABC9FF200EB4AEB /* song.m4a in Resources */,
			);
			runOnlyForDeploymentPostprocessing = 0;
		};
		F89DD7672AB0D05B0077C1E4 /* Resources */ = {
			isa = PBXResourcesBuildPhase;
			buildActionMask = 2147483647;
			files = (
			);
			runOnlyForDeploymentPostprocessing = 0;
		};
		F89DD7712AB0D05B0077C1E4 /* Resources */ = {
			isa = PBXResourcesBuildPhase;
			buildActionMask = 2147483647;
			files = (
			);
			runOnlyForDeploymentPostprocessing = 0;
		};
/* End PBXResourcesBuildPhase section */

/* Begin PBXSourcesBuildPhase section */
		F89DD74F2AB0D0560077C1E4 /* Sources */ = {
			isa = PBXSourcesBuildPhase;
			buildActionMask = 2147483647;
			files = (
				F8AD2D3D2ABA0BBD00EB4AEB /* ProfileViewController.swift in Sources */,
				F88C41562AB36F74006EFC18 /* Music.swift in Sources */,
				F89DD75B2AB0D0560077C1E4 /* ViewController.swift in Sources */,
				F89DD7572AB0D0560077C1E4 /* AppDelegate.swift in Sources */,
				F8AD2D392ABA069400EB4AEB /* SettingsViewController.swift in Sources */,
				F89DD7592AB0D0560077C1E4 /* SceneDelegate.swift in Sources */,
			);
			runOnlyForDeploymentPostprocessing = 0;
		};
		F89DD7652AB0D05B0077C1E4 /* Sources */ = {
			isa = PBXSourcesBuildPhase;
			buildActionMask = 2147483647;
			files = (
				F89DD76E2AB0D05B0077C1E4 /* MusicPlayerTests.swift in Sources */,
			);
			runOnlyForDeploymentPostprocessing = 0;
		};
		F89DD76F2AB0D05B0077C1E4 /* Sources */ = {
			isa = PBXSourcesBuildPhase;
			buildActionMask = 2147483647;
			files = (
				F89DD7782AB0D05B0077C1E4 /* MusicPlayerUITests.swift in Sources */,
				F89DD77A2AB0D05B0077C1E4 /* MusicPlayerUITestsLaunchTests.swift in Sources */,
			);
			runOnlyForDeploymentPostprocessing = 0;
		};
/* End PBXSourcesBuildPhase section */

/* Begin PBXTargetDependency section */
		F89DD76B2AB0D05B0077C1E4 /* PBXTargetDependency */ = {
			isa = PBXTargetDependency;
			target = F89DD7522AB0D0560077C1E4 /* MusicPlayer */;
			targetProxy = F89DD76A2AB0D05B0077C1E4 /* PBXContainerItemProxy */;
		};
		F89DD7752AB0D05B0077C1E4 /* PBXTargetDependency */ = {
			isa = PBXTargetDependency;
			target = F89DD7522AB0D0560077C1E4 /* MusicPlayer */;
			targetProxy = F89DD7742AB0D05B0077C1E4 /* PBXContainerItemProxy */;
		};
/* End PBXTargetDependency section */

/* Begin PBXVariantGroup section */
		F89DD75C2AB0D0560077C1E4 /* Main.storyboard */ = {
			isa = PBXVariantGroup;
			children = (
				F89DD75D2AB0D0560077C1E4 /* Base */,
			);
			name = Main.storyboard;
			sourceTree = "<group>";
		};
		F89DD7612AB0D05B0077C1E4 /* LaunchScreen.storyboard */ = {
			isa = PBXVariantGroup;
			children = (
				F89DD7622AB0D05B0077C1E4 /* Base */,
			);
			name = LaunchScreen.storyboard;
			sourceTree = "<group>";
		};
/* End PBXVariantGroup section */

/* Begin XCBuildConfiguration section */
		F89DD77B2AB0D05B0077C1E4 /* Debug */ = {
			isa = XCBuildConfiguration;
			buildSettings = {
				ALWAYS_SEARCH_USER_PATHS = NO;
				CLANG_ANALYZER_NONNULL = YES;
				CLANG_ANALYZER_NUMBER_OBJECT_CONVERSION = YES_AGGRESSIVE;
				CLANG_CXX_LANGUAGE_STANDARD = "gnu++20";
				CLANG_ENABLE_MODULES = YES;
				CLANG_ENABLE_OBJC_ARC = YES;
				CLANG_ENABLE_OBJC_WEAK = YES;
				CLANG_WARN_BLOCK_CAPTURE_AUTORELEASING = YES;
				CLANG_WARN_BOOL_CONVERSION = YES;
				CLANG_WARN_COMMA = YES;
				CLANG_WARN_CONSTANT_CONVERSION = YES;
				CLANG_WARN_DEPRECATED_OBJC_IMPLEMENTATIONS = YES;
				CLANG_WARN_DIRECT_OBJC_ISA_USAGE = YES_ERROR;
				CLANG_WARN_DOCUMENTATION_COMMENTS = YES;
				CLANG_WARN_EMPTY_BODY = YES;
				CLANG_WARN_ENUM_CONVERSION = YES;
				CLANG_WARN_INFINITE_RECURSION = YES;
				CLANG_WARN_INT_CONVERSION = YES;
				CLANG_WARN_NON_LITERAL_NULL_CONVERSION = YES;
				CLANG_WARN_OBJC_IMPLICIT_RETAIN_SELF = YES;
				CLANG_WARN_OBJC_LITERAL_CONVERSION = YES;
				CLANG_WARN_OBJC_ROOT_CLASS = YES_ERROR;
				CLANG_WARN_QUOTED_INCLUDE_IN_FRAMEWORK_HEADER = YES;
				CLANG_WARN_RANGE_LOOP_ANALYSIS = YES;
				CLANG_WARN_STRICT_PROTOTYPES = YES;
				CLANG_WARN_SUSPICIOUS_MOVE = YES;
				CLANG_WARN_UNGUARDED_AVAILABILITY = YES_AGGRESSIVE;
				CLANG_WARN_UNREACHABLE_CODE = YES;
				CLANG_WARN__DUPLICATE_METHOD_MATCH = YES;
				COPY_PHASE_STRIP = NO;
				DEBUG_INFORMATION_FORMAT = dwarf;
				ENABLE_STRICT_OBJC_MSGSEND = YES;
				ENABLE_TESTABILITY = YES;
				GCC_C_LANGUAGE_STANDARD = gnu11;
				GCC_DYNAMIC_NO_PIC = NO;
				GCC_NO_COMMON_BLOCKS = YES;
				GCC_OPTIMIZATION_LEVEL = 0;
				GCC_PREPROCESSOR_DEFINITIONS = (
					"DEBUG=1",
					"$(inherited)",
				);
				GCC_WARN_64_TO_32_BIT_CONVERSION = YES;
				GCC_WARN_ABOUT_RETURN_TYPE = YES_ERROR;
				GCC_WARN_UNDECLARED_SELECTOR = YES;
				GCC_WARN_UNINITIALIZED_AUTOS = YES_AGGRESSIVE;
				GCC_WARN_UNUSED_FUNCTION = YES;
				GCC_WARN_UNUSED_VARIABLE = YES;
				IPHONEOS_DEPLOYMENT_TARGET = 16.4;
				MTL_ENABLE_DEBUG_INFO = INCLUDE_SOURCE;
				MTL_FAST_MATH = YES;
				ONLY_ACTIVE_ARCH = YES;
				SDKROOT = iphoneos;
				SWIFT_ACTIVE_COMPILATION_CONDITIONS = DEBUG;
				SWIFT_OPTIMIZATION_LEVEL = "-Onone";
			};
			name = Debug;
		};
		F89DD77C2AB0D05B0077C1E4 /* Release */ = {
			isa = XCBuildConfiguration;
			buildSettings = {
				ALWAYS_SEARCH_USER_PATHS = NO;
				CLANG_ANALYZER_NONNULL = YES;
				CLANG_ANALYZER_NUMBER_OBJECT_CONVERSION = YES_AGGRESSIVE;
				CLANG_CXX_LANGUAGE_STANDARD = "gnu++20";
				CLANG_ENABLE_MODULES = YES;
				CLANG_ENABLE_OBJC_ARC = YES;
				CLANG_ENABLE_OBJC_WEAK = YES;
				CLANG_WARN_BLOCK_CAPTURE_AUTORELEASING = YES;
				CLANG_WARN_BOOL_CONVERSION = YES;
				CLANG_WARN_COMMA = YES;
				CLANG_WARN_CONSTANT_CONVERSION = YES;
				CLANG_WARN_DEPRECATED_OBJC_IMPLEMENTATIONS = YES;
				CLANG_WARN_DIRECT_OBJC_ISA_USAGE = YES_ERROR;
				CLANG_WARN_DOCUMENTATION_COMMENTS = YES;
				CLANG_WARN_EMPTY_BODY = YES;
				CLANG_WARN_ENUM_CONVERSION = YES;
				CLANG_WARN_INFINITE_RECURSION = YES;
				CLANG_WARN_INT_CONVERSION = YES;
				CLANG_WARN_NON_LITERAL_NULL_CONVERSION = YES;
				CLANG_WARN_OBJC_IMPLICIT_RETAIN_SELF = YES;
				CLANG_WARN_OBJC_LITERAL_CONVERSION = YES;
				CLANG_WARN_OBJC_ROOT_CLASS = YES_ERROR;
				CLANG_WARN_QUOTED_INCLUDE_IN_FRAMEWORK_HEADER = YES;
				CLANG_WARN_RANGE_LOOP_ANALYSIS = YES;
				CLANG_WARN_STRICT_PROTOTYPES = YES;
				CLANG_WARN_SUSPICIOUS_MOVE = YES;
				CLANG_WARN_UNGUARDED_AVAILABILITY = YES_AGGRESSIVE;
				CLANG_WARN_UNREACHABLE_CODE = YES;
				CLANG_WARN__DUPLICATE_METHOD_MATCH = YES;
				COPY_PHASE_STRIP = NO;
				DEBUG_INFORMATION_FORMAT = "dwarf-with-dsym";
				ENABLE_NS_ASSERTIONS = NO;
				ENABLE_STRICT_OBJC_MSGSEND = YES;
				GCC_C_LANGUAGE_STANDARD = gnu11;
				GCC_NO_COMMON_BLOCKS = YES;
				GCC_WARN_64_TO_32_BIT_CONVERSION = YES;
				GCC_WARN_ABOUT_RETURN_TYPE = YES_ERROR;
				GCC_WARN_UNDECLARED_SELECTOR = YES;
				GCC_WARN_UNINITIALIZED_AUTOS = YES_AGGRESSIVE;
				GCC_WARN_UNUSED_FUNCTION = YES;
				GCC_WARN_UNUSED_VARIABLE = YES;
				IPHONEOS_DEPLOYMENT_TARGET = 16.4;
				MTL_ENABLE_DEBUG_INFO = NO;
				MTL_FAST_MATH = YES;
				SDKROOT = iphoneos;
				SWIFT_COMPILATION_MODE = wholemodule;
				SWIFT_OPTIMIZATION_LEVEL = "-O";
				VALIDATE_PRODUCT = YES;
			};
			name = Release;
		};
		F89DD77E2AB0D05B0077C1E4 /* Debug */ = {
			isa = XCBuildConfiguration;
			buildSettings = {
				ASSETCATALOG_COMPILER_APPICON_NAME = AppIcon;
				ASSETCATALOG_COMPILER_GLOBAL_ACCENT_COLOR_NAME = AccentColor;
				CODE_SIGN_STYLE = Automatic;
				CURRENT_PROJECT_VERSION = 1;
				GENERATE_INFOPLIST_FILE = YES;
				INFOPLIST_FILE = MusicPlayer/Info.plist;
				INFOPLIST_KEY_UIApplicationSupportsIndirectInputEvents = YES;
				INFOPLIST_KEY_UILaunchStoryboardName = LaunchScreen;
				INFOPLIST_KEY_UIMainStoryboardFile = Main;
				INFOPLIST_KEY_UISupportedInterfaceOrientations_iPad = "UIInterfaceOrientationPortrait UIInterfaceOrientationPortraitUpsideDown UIInterfaceOrientationLandscapeLeft UIInterfaceOrientationLandscapeRight";
				INFOPLIST_KEY_UISupportedInterfaceOrientations_iPhone = "UIInterfaceOrientationPortrait UIInterfaceOrientationLandscapeLeft UIInterfaceOrientationLandscapeRight";
				LD_RUNPATH_SEARCH_PATHS = (
					"$(inherited)",
					"@executable_path/Frameworks",
				);
				MARKETING_VERSION = 1.0;
				PRODUCT_BUNDLE_IDENTIFIER = com.project.www.MusicPlayer;
				PRODUCT_NAME = "$(TARGET_NAME)";
				SWIFT_EMIT_LOC_STRINGS = YES;
				SWIFT_VERSION = 5.0;
				TARGETED_DEVICE_FAMILY = "1,2";
			};
			name = Debug;
		};
		F89DD77F2AB0D05B0077C1E4 /* Release */ = {
			isa = XCBuildConfiguration;
			buildSettings = {
				ASSETCATALOG_COMPILER_APPICON_NAME = AppIcon;
				ASSETCATALOG_COMPILER_GLOBAL_ACCENT_COLOR_NAME = AccentColor;
				CODE_SIGN_STYLE = Automatic;
				CURRENT_PROJECT_VERSION = 1;
				GENERATE_INFOPLIST_FILE = YES;
				INFOPLIST_FILE = MusicPlayer/Info.plist;
				INFOPLIST_KEY_UIApplicationSupportsIndirectInputEvents = YES;
				INFOPLIST_KEY_UILaunchStoryboardName = LaunchScreen;
				INFOPLIST_KEY_UIMainStoryboardFile = Main;
				INFOPLIST_KEY_UISupportedInterfaceOrientations_iPad = "UIInterfaceOrientationPortrait UIInterfaceOrientationPortraitUpsideDown UIInterfaceOrientationLandscapeLeft UIInterfaceOrientationLandscapeRight";
				INFOPLIST_KEY_UISupportedInterfaceOrientations_iPhone = "UIInterfaceOrientationPortrait UIInterfaceOrientationLandscapeLeft UIInterfaceOrientationLandscapeRight";
				LD_RUNPATH_SEARCH_PATHS = (
					"$(inherited)",
					"@executable_path/Frameworks",
				);
				MARKETING_VERSION = 1.0;
				PRODUCT_BUNDLE_IDENTIFIER = com.project.www.MusicPlayer;
				PRODUCT_NAME = "$(TARGET_NAME)";
				SWIFT_EMIT_LOC_STRINGS = YES;
				SWIFT_VERSION = 5.0;
				TARGETED_DEVICE_FAMILY = "1,2";
			};
			name = Release;
		};
		F89DD7812AB0D05B0077C1E4 /* Debug */ = {
			isa = XCBuildConfiguration;
			buildSettings = {
				ALWAYS_EMBED_SWIFT_STANDARD_LIBRARIES = YES;
				BUNDLE_LOADER = "$(TEST_HOST)";
				CODE_SIGN_STYLE = Automatic;
				CURRENT_PROJECT_VERSION = 1;
				GENERATE_INFOPLIST_FILE = YES;
				IPHONEOS_DEPLOYMENT_TARGET = 16.4;
				MARKETING_VERSION = 1.0;
				PRODUCT_BUNDLE_IDENTIFIER = com.project.www.MusicPlayerTests;
				PRODUCT_NAME = "$(TARGET_NAME)";
				SWIFT_EMIT_LOC_STRINGS = NO;
				SWIFT_VERSION = 5.0;
				TARGETED_DEVICE_FAMILY = "1,2";
				TEST_HOST = "$(BUILT_PRODUCTS_DIR)/MusicPlayer.app/$(BUNDLE_EXECUTABLE_FOLDER_PATH)/MusicPlayer";
			};
			name = Debug;
		};
		F89DD7822AB0D05B0077C1E4 /* Release */ = {
			isa = XCBuildConfiguration;
			buildSettings = {
				ALWAYS_EMBED_SWIFT_STANDARD_LIBRARIES = YES;
				BUNDLE_LOADER = "$(TEST_HOST)";
				CODE_SIGN_STYLE = Automatic;
				CURRENT_PROJECT_VERSION = 1;
				GENERATE_INFOPLIST_FILE = YES;
				IPHONEOS_DEPLOYMENT_TARGET = 16.4;
				MARKETING_VERSION = 1.0;
				PRODUCT_BUNDLE_IDENTIFIER = com.project.www.MusicPlayerTests;
				PRODUCT_NAME = "$(TARGET_NAME)";
				SWIFT_EMIT_LOC_STRINGS = NO;
				SWIFT_VERSION = 5.0;
				TARGETED_DEVICE_FAMILY = "1,2";
				TEST_HOST = "$(BUILT_PRODUCTS_DIR)/MusicPlayer.app/$(BUNDLE_EXECUTABLE_FOLDER_PATH)/MusicPlayer";
			};
			name = Release;
		};
		F89DD7842AB0D05B0077C1E4 /* Debug */ = {
			isa = XCBuildConfiguration;
			buildSettings = {
				ALWAYS_EMBED_SWIFT_STANDARD_LIBRARIES = YES;
				CODE_SIGN_STYLE = Automatic;
				CURRENT_PROJECT_VERSION = 1;
				GENERATE_INFOPLIST_FILE = YES;
				MARKETING_VERSION = 1.0;
				PRODUCT_BUNDLE_IDENTIFIER = com.project.www.MusicPlayerUITests;
				PRODUCT_NAME = "$(TARGET_NAME)";
				SWIFT_EMIT_LOC_STRINGS = NO;
				SWIFT_VERSION = 5.0;
				TARGETED_DEVICE_FAMILY = "1,2";
				TEST_TARGET_NAME = MusicPlayer;
			};
			name = Debug;
		};
		F89DD7852AB0D05B0077C1E4 /* Release */ = {
			isa = XCBuildConfiguration;
			buildSettings = {
				ALWAYS_EMBED_SWIFT_STANDARD_LIBRARIES = YES;
				CODE_SIGN_STYLE = Automatic;
				CURRENT_PROJECT_VERSION = 1;
				GENERATE_INFOPLIST_FILE = YES;
				MARKETING_VERSION = 1.0;
				PRODUCT_BUNDLE_IDENTIFIER = com.project.www.MusicPlayerUITests;
				PRODUCT_NAME = "$(TARGET_NAME)";
				SWIFT_EMIT_LOC_STRINGS = NO;
				SWIFT_VERSION = 5.0;
				TARGETED_DEVICE_FAMILY = "1,2";
				TEST_TARGET_NAME = MusicPlayer;
			};
			name = Release;
		};
/* End XCBuildConfiguration section */

/* Begin XCConfigurationList section */
		F89DD74E2AB0D0560077C1E4 /* Build configuration list for PBXProject "MusicPlayer" */ = {
			isa = XCConfigurationList;
			buildConfigurations = (
				F89DD77B2AB0D05B0077C1E4 /* Debug */,
				F89DD77C2AB0D05B0077C1E4 /* Release */,
			);
			defaultConfigurationIsVisible = 0;
			defaultConfigurationName = Release;
		};
		F89DD77D2AB0D05B0077C1E4 /* Build configuration list for PBXNativeTarget "MusicPlayer" */ = {
			isa = XCConfigurationList;
			buildConfigurations = (
				F89DD77E2AB0D05B0077C1E4 /* Debug */,
				F89DD77F2AB0D05B0077C1E4 /* Release */,
			);
			defaultConfigurationIsVisible = 0;
			defaultConfigurationName = Release;
		};
		F89DD7802AB0D05B0077C1E4 /* Build configuration list for PBXNativeTarget "MusicPlayerTests" */ = {
			isa = XCConfigurationList;
			buildConfigurations = (
				F89DD7812AB0D05B0077C1E4 /* Debug */,
				F89DD7822AB0D05B0077C1E4 /* Release */,
			);
			defaultConfigurationIsVisible = 0;
			defaultConfigurationName = Release;
		};
		F89DD7832AB0D05B0077C1E4 /* Build configuration list for PBXNativeTarget "MusicPlayerUITests" */ = {
			isa = XCConfigurationList;
			buildConfigurations = (
				F89DD7842AB0D05B0077C1E4 /* Debug */,
				F89DD7852AB0D05B0077C1E4 /* Release */,
			);
			defaultConfigurationIsVisible = 0;
			defaultConfigurationName = Release;
		};
/* End XCConfigurationList section */
	};
	rootObject = F89DD74B2AB0D0560077C1E4 /* Project object */;
}
