// !$*UTF8*$!
{
	archiveVersion = 1;
	classes = {
	};
	objectVersion = 56;
	objects = {

/* Begin PBXBuildFile section */
		F8C9D6C82AA8EF3F000C0E6B /* AppDelegate.swift in Sources */ = {isa = PBXBuildFile; fileRef = F8C9D6C72AA8EF3F000C0E6B /* AppDelegate.swift */; };
		F8C9D6CA2AA8EF3F000C0E6B /* SceneDelegate.swift in Sources */ = {isa = PBXBuildFile; fileRef = F8C9D6C92AA8EF3F000C0E6B /* SceneDelegate.swift */; };
		F8C9D6CC2AA8EF3F000C0E6B /* ViewController.swift in Sources */ = {isa = PBXBuildFile; fileRef = F8C9D6CB2AA8EF3F000C0E6B /* ViewController.swift */; };
		F8C9D6CF2AA8EF3F000C0E6B /* Main.storyboard in Resources */ = {isa = PBXBuildFile; fileRef = F8C9D6CD2AA8EF3F000C0E6B /* Main.storyboard */; };
		F8C9D6D12AA8EF42000C0E6B /* Assets.xcassets in Resources */ = {isa = PBXBuildFile; fileRef = F8C9D6D02AA8EF42000C0E6B /* Assets.xcassets */; };
		F8C9D6D42AA8EF42000C0E6B /* LaunchScreen.storyboard in Resources */ = {isa = PBXBuildFile; fileRef = F8C9D6D22AA8EF42000C0E6B /* LaunchScreen.storyboard */; };
		F8C9D6DF2AA8EF42000C0E6B /* I_am_RichTests.swift in Sources */ = {isa = PBXBuildFile; fileRef = F8C9D6DE2AA8EF42000C0E6B /* I_am_RichTests.swift */; };
		F8C9D6E92AA8EF42000C0E6B /* I_am_RichUITests.swift in Sources */ = {isa = PBXBuildFile; fileRef = F8C9D6E82AA8EF42000C0E6B /* I_am_RichUITests.swift */; };
		F8C9D6EB2AA8EF42000C0E6B /* I_am_RichUITestsLaunchTests.swift in Sources */ = {isa = PBXBuildFile; fileRef = F8C9D6EA2AA8EF42000C0E6B /* I_am_RichUITestsLaunchTests.swift */; };
/* End PBXBuildFile section */

/* Begin PBXContainerItemProxy section */
		F8C9D6DB2AA8EF42000C0E6B /* PBXContainerItemProxy */ = {
			isa = PBXContainerItemProxy;
			containerPortal = F8C9D6BC2AA8EF3F000C0E6B /* Project object */;
			proxyType = 1;
			remoteGlobalIDString = F8C9D6C32AA8EF3F000C0E6B;
			remoteInfo = "I am Rich";
		};
		F8C9D6E52AA8EF42000C0E6B /* PBXContainerItemProxy */ = {
			isa = PBXContainerItemProxy;
			containerPortal = F8C9D6BC2AA8EF3F000C0E6B /* Project object */;
			proxyType = 1;
			remoteGlobalIDString = F8C9D6C32AA8EF3F000C0E6B;
			remoteInfo = "I am Rich";
		};
/* End PBXContainerItemProxy section */

/* Begin PBXFileReference section */
		F8C9D6C42AA8EF3F000C0E6B /* I am Rich.app */ = {isa = PBXFileReference; explicitFileType = wrapper.application; includeInIndex = 0; path = "I am Rich.app"; sourceTree = BUILT_PRODUCTS_DIR; };
		F8C9D6C72AA8EF3F000C0E6B /* AppDelegate.swift */ = {isa = PBXFileReference; lastKnownFileType = sourcecode.swift; path = AppDelegate.swift; sourceTree = "<group>"; };
		F8C9D6C92AA8EF3F000C0E6B /* SceneDelegate.swift */ = {isa = PBXFileReference; lastKnownFileType = sourcecode.swift; path = SceneDelegate.swift; sourceTree = "<group>"; };
		F8C9D6CB2AA8EF3F000C0E6B /* ViewController.swift */ = {isa = PBXFileReference; lastKnownFileType = sourcecode.swift; path = ViewController.swift; sourceTree = "<group>"; };
		F8C9D6CE2AA8EF3F000C0E6B /* Base */ = {isa = PBXFileReference; lastKnownFileType = file.storyboard; name = Base; path = Base.lproj/Main.storyboard; sourceTree = "<group>"; };
		F8C9D6D02AA8EF42000C0E6B /* Assets.xcassets */ = {isa = PBXFileReference; lastKnownFileType = folder.assetcatalog; path = Assets.xcassets; sourceTree = "<group>"; };
		F8C9D6D32AA8EF42000C0E6B /* Base */ = {isa = PBXFileReference; lastKnownFileType = file.storyboard; name = Base; path = Base.lproj/LaunchScreen.storyboard; sourceTree = "<group>"; };
		F8C9D6D52AA8EF42000C0E6B /* Info.plist */ = {isa = PBXFileReference; lastKnownFileType = text.plist.xml; path = Info.plist; sourceTree = "<group>"; };
		F8C9D6DA2AA8EF42000C0E6B /* I am RichTests.xctest */ = {isa = PBXFileReference; explicitFileType = wrapper.cfbundle; includeInIndex = 0; path = "I am RichTests.xctest"; sourceTree = BUILT_PRODUCTS_DIR; };
		F8C9D6DE2AA8EF42000C0E6B /* I_am_RichTests.swift */ = {isa = PBXFileReference; lastKnownFileType = sourcecode.swift; path = I_am_RichTests.swift; sourceTree = "<group>"; };
		F8C9D6E42AA8EF42000C0E6B /* I am RichUITests.xctest */ = {isa = PBXFileReference; explicitFileType = wrapper.cfbundle; includeInIndex = 0; path = "I am RichUITests.xctest"; sourceTree = BUILT_PRODUCTS_DIR; };
		F8C9D6E82AA8EF42000C0E6B /* I_am_RichUITests.swift */ = {isa = PBXFileReference; lastKnownFileType = sourcecode.swift; path = I_am_RichUITests.swift; sourceTree = "<group>"; };
		F8C9D6EA2AA8EF42000C0E6B /* I_am_RichUITestsLaunchTests.swift */ = {isa = PBXFileReference; lastKnownFileType = sourcecode.swift; path = I_am_RichUITestsLaunchTests.swift; sourceTree = "<group>"; };
/* End PBXFileReference section */

/* Begin PBXFrameworksBuildPhase section */
		F8C9D6C12AA8EF3F000C0E6B /* Frameworks */ = {
			isa = PBXFrameworksBuildPhase;
			buildActionMask = 2147483647;
			files = (
			);
			runOnlyForDeploymentPostprocessing = 0;
		};
		F8C9D6D72AA8EF42000C0E6B /* Frameworks */ = {
			isa = PBXFrameworksBuildPhase;
			buildActionMask = 2147483647;
			files = (
			);
			runOnlyForDeploymentPostprocessing = 0;
		};
		F8C9D6E12AA8EF42000C0E6B /* Frameworks */ = {
			isa = PBXFrameworksBuildPhase;
			buildActionMask = 2147483647;
			files = (
			);
			runOnlyForDeploymentPostprocessing = 0;
		};
/* End PBXFrameworksBuildPhase section */

/* Begin PBXGroup section */
		F8C9D6BB2AA8EF3F000C0E6B = {
			isa = PBXGroup;
			children = (
				F8C9D6C62AA8EF3F000C0E6B /* I am Rich */,
				F8C9D6DD2AA8EF42000C0E6B /* I am RichTests */,
				F8C9D6E72AA8EF42000C0E6B /* I am RichUITests */,
				F8C9D6C52AA8EF3F000C0E6B /* Products */,
			);
			sourceTree = "<group>";
		};
		F8C9D6C52AA8EF3F000C0E6B /* Products */ = {
			isa = PBXGroup;
			children = (
				F8C9D6C42AA8EF3F000C0E6B /* I am Rich.app */,
				F8C9D6DA2AA8EF42000C0E6B /* I am RichTests.xctest */,
				F8C9D6E42AA8EF42000C0E6B /* I am RichUITests.xctest */,
			);
			name = Products;
			sourceTree = "<group>";
		};
		F8C9D6C62AA8EF3F000C0E6B /* I am Rich */ = {
			isa = PBXGroup;
			children = (
				F8C9D6C72AA8EF3F000C0E6B /* AppDelegate.swift */,
				F8C9D6C92AA8EF3F000C0E6B /* SceneDelegate.swift */,
				F8C9D6CB2AA8EF3F000C0E6B /* ViewController.swift */,
				F8C9D6CD2AA8EF3F000C0E6B /* Main.storyboard */,
				F8C9D6D02AA8EF42000C0E6B /* Assets.xcassets */,
				F8C9D6D22AA8EF42000C0E6B /* LaunchScreen.storyboard */,
				F8C9D6D52AA8EF42000C0E6B /* Info.plist */,
			);
			path = "I am Rich";
			sourceTree = "<group>";
		};
		F8C9D6DD2AA8EF42000C0E6B /* I am RichTests */ = {
			isa = PBXGroup;
			children = (
				F8C9D6DE2AA8EF42000C0E6B /* I_am_RichTests.swift */,
			);
			path = "I am RichTests";
			sourceTree = "<group>";
		};
		F8C9D6E72AA8EF42000C0E6B /* I am RichUITests */ = {
			isa = PBXGroup;
			children = (
				F8C9D6E82AA8EF42000C0E6B /* I_am_RichUITests.swift */,
				F8C9D6EA2AA8EF42000C0E6B /* I_am_RichUITestsLaunchTests.swift */,
			);
			path = "I am RichUITests";
			sourceTree = "<group>";
		};
/* End PBXGroup section */

/* Begin PBXNativeTarget section */
		F8C9D6C32AA8EF3F000C0E6B /* I am Rich */ = {
			isa = PBXNativeTarget;
			buildConfigurationList = F8C9D6EE2AA8EF42000C0E6B /* Build configuration list for PBXNativeTarget "I am Rich" */;
			buildPhases = (
				F8C9D6C02AA8EF3F000C0E6B /* Sources */,
				F8C9D6C12AA8EF3F000C0E6B /* Frameworks */,
				F8C9D6C22AA8EF3F000C0E6B /* Resources */,
			);
			buildRules = (
			);
			dependencies = (
			);
			name = "I am Rich";
			productName = "I am Rich";
			productReference = F8C9D6C42AA8EF3F000C0E6B /* I am Rich.app */;
			productType = "com.apple.product-type.application";
		};
		F8C9D6D92AA8EF42000C0E6B /* I am RichTests */ = {
			isa = PBXNativeTarget;
			buildConfigurationList = F8C9D6F12AA8EF42000C0E6B /* Build configuration list for PBXNativeTarget "I am RichTests" */;
			buildPhases = (
				F8C9D6D62AA8EF42000C0E6B /* Sources */,
				F8C9D6D72AA8EF42000C0E6B /* Frameworks */,
				F8C9D6D82AA8EF42000C0E6B /* Resources */,
			);
			buildRules = (
			);
			dependencies = (
				F8C9D6DC2AA8EF42000C0E6B /* PBXTargetDependency */,
			);
			name = "I am RichTests";
			productName = "I am RichTests";
			productReference = F8C9D6DA2AA8EF42000C0E6B /* I am RichTests.xctest */;
			productType = "com.apple.product-type.bundle.unit-test";
		};
		F8C9D6E32AA8EF42000C0E6B /* I am RichUITests */ = {
			isa = PBXNativeTarget;
			buildConfigurationList = F8C9D6F42AA8EF42000C0E6B /* Build configuration list for PBXNativeTarget "I am RichUITests" */;
			buildPhases = (
				F8C9D6E02AA8EF42000C0E6B /* Sources */,
				F8C9D6E12AA8EF42000C0E6B /* Frameworks */,
				F8C9D6E22AA8EF42000C0E6B /* Resources */,
			);
			buildRules = (
			);
			dependencies = (
				F8C9D6E62AA8EF42000C0E6B /* PBXTargetDependency */,
			);
			name = "I am RichUITests";
			productName = "I am RichUITests";
			productReference = F8C9D6E42AA8EF42000C0E6B /* I am RichUITests.xctest */;
			productType = "com.apple.product-type.bundle.ui-testing";
		};
/* End PBXNativeTarget section */

/* Begin PBXProject section */
		F8C9D6BC2AA8EF3F000C0E6B /* Project object */ = {
			isa = PBXProject;
			attributes = {
				BuildIndependentTargetsInParallel = 1;
				LastSwiftUpdateCheck = 1430;
				LastUpgradeCheck = 1430;
				TargetAttributes = {
					F8C9D6C32AA8EF3F000C0E6B = {
						CreatedOnToolsVersion = 14.3.1;
					};
					F8C9D6D92AA8EF42000C0E6B = {
						CreatedOnToolsVersion = 14.3.1;
						TestTargetID = F8C9D6C32AA8EF3F000C0E6B;
					};
					F8C9D6E32AA8EF42000C0E6B = {
						CreatedOnToolsVersion = 14.3.1;
						TestTargetID = F8C9D6C32AA8EF3F000C0E6B;
					};
				};
			};
			buildConfigurationList = F8C9D6BF2AA8EF3F000C0E6B /* Build configuration list for PBXProject "I am Rich" */;
			compatibilityVersion = "Xcode 14.0";
			developmentRegion = en;
			hasScannedForEncodings = 0;
			knownRegions = (
				en,
				Base,
			);
			mainGroup = F8C9D6BB2AA8EF3F000C0E6B;
			productRefGroup = F8C9D6C52AA8EF3F000C0E6B /* Products */;
			projectDirPath = "";
			projectRoot = "";
			targets = (
				F8C9D6C32AA8EF3F000C0E6B /* I am Rich */,
				F8C9D6D92AA8EF42000C0E6B /* I am RichTests */,
				F8C9D6E32AA8EF42000C0E6B /* I am RichUITests */,
			);
		};
/* End PBXProject section */

/* Begin PBXResourcesBuildPhase section */
		F8C9D6C22AA8EF3F000C0E6B /* Resources */ = {
			isa = PBXResourcesBuildPhase;
			buildActionMask = 2147483647;
			files = (
				F8C9D6D42AA8EF42000C0E6B /* LaunchScreen.storyboard in Resources */,
				F8C9D6D12AA8EF42000C0E6B /* Assets.xcassets in Resources */,
				F8C9D6CF2AA8EF3F000C0E6B /* Main.storyboard in Resources */,
			);
			runOnlyForDeploymentPostprocessing = 0;
		};
		F8C9D6D82AA8EF42000C0E6B /* Resources */ = {
			isa = PBXResourcesBuildPhase;
			buildActionMask = 2147483647;
			files = (
			);
			runOnlyForDeploymentPostprocessing = 0;
		};
		F8C9D6E22AA8EF42000C0E6B /* Resources */ = {
			isa = PBXResourcesBuildPhase;
			buildActionMask = 2147483647;
			files = (
			);
			runOnlyForDeploymentPostprocessing = 0;
		};
/* End PBXResourcesBuildPhase section */

/* Begin PBXSourcesBuildPhase section */
		F8C9D6C02AA8EF3F000C0E6B /* Sources */ = {
			isa = PBXSourcesBuildPhase;
			buildActionMask = 2147483647;
			files = (
				F8C9D6CC2AA8EF3F000C0E6B /* ViewController.swift in Sources */,
				F8C9D6C82AA8EF3F000C0E6B /* AppDelegate.swift in Sources */,
				F8C9D6CA2AA8EF3F000C0E6B /* SceneDelegate.swift in Sources */,
			);
			runOnlyForDeploymentPostprocessing = 0;
		};
		F8C9D6D62AA8EF42000C0E6B /* Sources */ = {
			isa = PBXSourcesBuildPhase;
			buildActionMask = 2147483647;
			files = (
				F8C9D6DF2AA8EF42000C0E6B /* I_am_RichTests.swift in Sources */,
			);
			runOnlyForDeploymentPostprocessing = 0;
		};
		F8C9D6E02AA8EF42000C0E6B /* Sources */ = {
			isa = PBXSourcesBuildPhase;
			buildActionMask = 2147483647;
			files = (
				F8C9D6EB2AA8EF42000C0E6B /* I_am_RichUITestsLaunchTests.swift in Sources */,
				F8C9D6E92AA8EF42000C0E6B /* I_am_RichUITests.swift in Sources */,
			);
			runOnlyForDeploymentPostprocessing = 0;
		};
/* End PBXSourcesBuildPhase section */

/* Begin PBXTargetDependency section */
		F8C9D6DC2AA8EF42000C0E6B /* PBXTargetDependency */ = {
			isa = PBXTargetDependency;
			target = F8C9D6C32AA8EF3F000C0E6B /* I am Rich */;
			targetProxy = F8C9D6DB2AA8EF42000C0E6B /* PBXContainerItemProxy */;
		};
		F8C9D6E62AA8EF42000C0E6B /* PBXTargetDependency */ = {
			isa = PBXTargetDependency;
			target = F8C9D6C32AA8EF3F000C0E6B /* I am Rich */;
			targetProxy = F8C9D6E52AA8EF42000C0E6B /* PBXContainerItemProxy */;
		};
/* End PBXTargetDependency section */

/* Begin PBXVariantGroup section */
		F8C9D6CD2AA8EF3F000C0E6B /* Main.storyboard */ = {
			isa = PBXVariantGroup;
			children = (
				F8C9D6CE2AA8EF3F000C0E6B /* Base */,
			);
			name = Main.storyboard;
			sourceTree = "<group>";
		};
		F8C9D6D22AA8EF42000C0E6B /* LaunchScreen.storyboard */ = {
			isa = PBXVariantGroup;
			children = (
				F8C9D6D32AA8EF42000C0E6B /* Base */,
			);
			name = LaunchScreen.storyboard;
			sourceTree = "<group>";
		};
/* End PBXVariantGroup section */

/* Begin XCBuildConfiguration section */
		F8C9D6EC2AA8EF42000C0E6B /* Debug */ = {
			isa = XCBuildConfiguration;
			buildSettings = {
				ALWAYS_SEARCH_USER_PATHS = NO;
				CLANG_ANALYZER_NONNULL = YES;
				CLANG_ANALYZER_NUMBER_OBJECT_CONVERSION = YES_AGGRESSIVE;
				CLANG_CXX_LANGUAGE_STANDARD = "gnu++20";
				CLANG_ENABLE_MODULES = YES;
				CLANG_ENABLE_OBJC_ARC = YES;
				CLANG_ENABLE_OBJC_WEAK = YES;
				CLANG_WARN_BLOCK_CAPTURE_AUTORELEASING = YES;
				CLANG_WARN_BOOL_CONVERSION = YES;
				CLANG_WARN_COMMA = YES;
				CLANG_WARN_CONSTANT_CONVERSION = YES;
				CLANG_WARN_DEPRECATED_OBJC_IMPLEMENTATIONS = YES;
				CLANG_WARN_DIRECT_OBJC_ISA_USAGE = YES_ERROR;
				CLANG_WARN_DOCUMENTATION_COMMENTS = YES;
				CLANG_WARN_EMPTY_BODY = YES;
				CLANG_WARN_ENUM_CONVERSION = YES;
				CLANG_WARN_INFINITE_RECURSION = YES;
				CLANG_WARN_INT_CONVERSION = YES;
				CLANG_WARN_NON_LITERAL_NULL_CONVERSION = YES;
				CLANG_WARN_OBJC_IMPLICIT_RETAIN_SELF = YES;
				CLANG_WARN_OBJC_LITERAL_CONVERSION = YES;
				CLANG_WARN_OBJC_ROOT_CLASS = YES_ERROR;
				CLANG_WARN_QUOTED_INCLUDE_IN_FRAMEWORK_HEADER = YES;
				CLANG_WARN_RANGE_LOOP_ANALYSIS = YES;
				CLANG_WARN_STRICT_PROTOTYPES = YES;
				CLANG_WARN_SUSPICIOUS_MOVE = YES;
				CLANG_WARN_UNGUARDED_AVAILABILITY = YES_AGGRESSIVE;
				CLANG_WARN_UNREACHABLE_CODE = YES;
				CLANG_WARN__DUPLICATE_METHOD_MATCH = YES;
				COPY_PHASE_STRIP = NO;
				DEBUG_INFORMATION_FORMAT = dwarf;
				ENABLE_STRICT_OBJC_MSGSEND = YES;
				ENABLE_TESTABILITY = YES;
				GCC_C_LANGUAGE_STANDARD = gnu11;
				GCC_DYNAMIC_NO_PIC = NO;
				GCC_NO_COMMON_BLOCKS = YES;
				GCC_OPTIMIZATION_LEVEL = 0;
				GCC_PREPROCESSOR_DEFINITIONS = (
					"DEBUG=1",
					"$(inherited)",
				);
				GCC_WARN_64_TO_32_BIT_CONVERSION = YES;
				GCC_WARN_ABOUT_RETURN_TYPE = YES_ERROR;
				GCC_WARN_UNDECLARED_SELECTOR = YES;
				GCC_WARN_UNINITIALIZED_AUTOS = YES_AGGRESSIVE;
				GCC_WARN_UNUSED_FUNCTION = YES;
				GCC_WARN_UNUSED_VARIABLE = YES;
				IPHONEOS_DEPLOYMENT_TARGET = 16.4;
				MTL_ENABLE_DEBUG_INFO = INCLUDE_SOURCE;
				MTL_FAST_MATH = YES;
				ONLY_ACTIVE_ARCH = YES;
				SDKROOT = iphoneos;
				SWIFT_ACTIVE_COMPILATION_CONDITIONS = DEBUG;
				SWIFT_OPTIMIZATION_LEVEL = "-Onone";
			};
			name = Debug;
		};
		F8C9D6ED2AA8EF42000C0E6B /* Release */ = {
			isa = XCBuildConfiguration;
			buildSettings = {
				ALWAYS_SEARCH_USER_PATHS = NO;
				CLANG_ANALYZER_NONNULL = YES;
				CLANG_ANALYZER_NUMBER_OBJECT_CONVERSION = YES_AGGRESSIVE;
				CLANG_CXX_LANGUAGE_STANDARD = "gnu++20";
				CLANG_ENABLE_MODULES = YES;
				CLANG_ENABLE_OBJC_ARC = YES;
				CLANG_ENABLE_OBJC_WEAK = YES;
				CLANG_WARN_BLOCK_CAPTURE_AUTORELEASING = YES;
				CLANG_WARN_BOOL_CONVERSION = YES;
				CLANG_WARN_COMMA = YES;
				CLANG_WARN_CONSTANT_CONVERSION = YES;
				CLANG_WARN_DEPRECATED_OBJC_IMPLEMENTATIONS = YES;
				CLANG_WARN_DIRECT_OBJC_ISA_USAGE = YES_ERROR;
				CLANG_WARN_DOCUMENTATION_COMMENTS = YES;
				CLANG_WARN_EMPTY_BODY = YES;
				CLANG_WARN_ENUM_CONVERSION = YES;
				CLANG_WARN_INFINITE_RECURSION = YES;
				CLANG_WARN_INT_CONVERSION = YES;
				CLANG_WARN_NON_LITERAL_NULL_CONVERSION = YES;
				CLANG_WARN_OBJC_IMPLICIT_RETAIN_SELF = YES;
				CLANG_WARN_OBJC_LITERAL_CONVERSION = YES;
				CLANG_WARN_OBJC_ROOT_CLASS = YES_ERROR;
				CLANG_WARN_QUOTED_INCLUDE_IN_FRAMEWORK_HEADER = YES;
				CLANG_WARN_RANGE_LOOP_ANALYSIS = YES;
				CLANG_WARN_STRICT_PROTOTYPES = YES;
				CLANG_WARN_SUSPICIOUS_MOVE = YES;
				CLANG_WARN_UNGUARDED_AVAILABILITY = YES_AGGRESSIVE;
				CLANG_WARN_UNREACHABLE_CODE = YES;
				CLANG_WARN__DUPLICATE_METHOD_MATCH = YES;
				COPY_PHASE_STRIP = NO;
				DEBUG_INFORMATION_FORMAT = "dwarf-with-dsym";
				ENABLE_NS_ASSERTIONS = NO;
				ENABLE_STRICT_OBJC_MSGSEND = YES;
				GCC_C_LANGUAGE_STANDARD = gnu11;
				GCC_NO_COMMON_BLOCKS = YES;
				GCC_WARN_64_TO_32_BIT_CONVERSION = YES;
				GCC_WARN_ABOUT_RETURN_TYPE = YES_ERROR;
				GCC_WARN_UNDECLARED_SELECTOR = YES;
				GCC_WARN_UNINITIALIZED_AUTOS = YES_AGGRESSIVE;
				GCC_WARN_UNUSED_FUNCTION = YES;
				GCC_WARN_UNUSED_VARIABLE = YES;
				IPHONEOS_DEPLOYMENT_TARGET = 16.4;
				MTL_ENABLE_DEBUG_INFO = NO;
				MTL_FAST_MATH = YES;
				SDKROOT = iphoneos;
				SWIFT_COMPILATION_MODE = wholemodule;
				SWIFT_OPTIMIZATION_LEVEL = "-O";
				VALIDATE_PRODUCT = YES;
			};
			name = Release;
		};
		F8C9D6EF2AA8EF42000C0E6B /* Debug */ = {
			isa = XCBuildConfiguration;
			buildSettings = {
				ASSETCATALOG_COMPILER_APPICON_NAME = AppIcon;
				ASSETCATALOG_COMPILER_GLOBAL_ACCENT_COLOR_NAME = AccentColor;
				CODE_SIGN_STYLE = Automatic;
				CURRENT_PROJECT_VERSION = 1;
				GENERATE_INFOPLIST_FILE = YES;
				INFOPLIST_FILE = "I am Rich/Info.plist";
				INFOPLIST_KEY_UIApplicationSupportsIndirectInputEvents = YES;
				INFOPLIST_KEY_UILaunchStoryboardName = LaunchScreen;
				INFOPLIST_KEY_UIMainStoryboardFile = Main;
				INFOPLIST_KEY_UISupportedInterfaceOrientations_iPad = "UIInterfaceOrientationPortrait UIInterfaceOrientationPortraitUpsideDown UIInterfaceOrientationLandscapeLeft UIInterfaceOrientationLandscapeRight";
				INFOPLIST_KEY_UISupportedInterfaceOrientations_iPhone = "UIInterfaceOrientationPortrait UIInterfaceOrientationLandscapeLeft UIInterfaceOrientationLandscapeRight";
				LD_RUNPATH_SEARCH_PATHS = (
					"$(inherited)",
					"@executable_path/Frameworks",
				);
				MARKETING_VERSION = 1.0;
				PRODUCT_BUNDLE_IDENTIFIER = "com.project.www.I-am-Rich";
				PRODUCT_NAME = "$(TARGET_NAME)";
				SWIFT_EMIT_LOC_STRINGS = YES;
				SWIFT_VERSION = 5.0;
				TARGETED_DEVICE_FAMILY = "1,2";
			};
			name = Debug;
		};
		F8C9D6F02AA8EF42000C0E6B /* Release */ = {
			isa = XCBuildConfiguration;
			buildSettings = {
				ASSETCATALOG_COMPILER_APPICON_NAME = AppIcon;
				ASSETCATALOG_COMPILER_GLOBAL_ACCENT_COLOR_NAME = AccentColor;
				CODE_SIGN_STYLE = Automatic;
				CURRENT_PROJECT_VERSION = 1;
				GENERATE_INFOPLIST_FILE = YES;
				INFOPLIST_FILE = "I am Rich/Info.plist";
				INFOPLIST_KEY_UIApplicationSupportsIndirectInputEvents = YES;
				INFOPLIST_KEY_UILaunchStoryboardName = LaunchScreen;
				INFOPLIST_KEY_UIMainStoryboardFile = Main;
				INFOPLIST_KEY_UISupportedInterfaceOrientations_iPad = "UIInterfaceOrientationPortrait UIInterfaceOrientationPortraitUpsideDown UIInterfaceOrientationLandscapeLeft UIInterfaceOrientationLandscapeRight";
				INFOPLIST_KEY_UISupportedInterfaceOrientations_iPhone = "UIInterfaceOrientationPortrait UIInterfaceOrientationLandscapeLeft UIInterfaceOrientationLandscapeRight";
				LD_RUNPATH_SEARCH_PATHS = (
					"$(inherited)",
					"@executable_path/Frameworks",
				);
				MARKETING_VERSION = 1.0;
				PRODUCT_BUNDLE_IDENTIFIER = "com.project.www.I-am-Rich";
				PRODUCT_NAME = "$(TARGET_NAME)";
				SWIFT_EMIT_LOC_STRINGS = YES;
				SWIFT_VERSION = 5.0;
				TARGETED_DEVICE_FAMILY = "1,2";
			};
			name = Release;
		};
		F8C9D6F22AA8EF42000C0E6B /* Debug */ = {
			isa = XCBuildConfiguration;
			buildSettings = {
				ALWAYS_EMBED_SWIFT_STANDARD_LIBRARIES = YES;
				BUNDLE_LOADER = "$(TEST_HOST)";
				CODE_SIGN_STYLE = Automatic;
				CURRENT_PROJECT_VERSION = 1;
				GENERATE_INFOPLIST_FILE = YES;
				IPHONEOS_DEPLOYMENT_TARGET = 16.4;
				MARKETING_VERSION = 1.0;
				PRODUCT_BUNDLE_IDENTIFIER = "com.project.www.I-am-RichTests";
				PRODUCT_NAME = "$(TARGET_NAME)";
				SWIFT_EMIT_LOC_STRINGS = NO;
				SWIFT_VERSION = 5.0;
				TARGETED_DEVICE_FAMILY = "1,2";
				TEST_HOST = "$(BUILT_PRODUCTS_DIR)/I am Rich.app/$(BUNDLE_EXECUTABLE_FOLDER_PATH)/I am Rich";
			};
			name = Debug;
		};
		F8C9D6F32AA8EF42000C0E6B /* Release */ = {
			isa = XCBuildConfiguration;
			buildSettings = {
				ALWAYS_EMBED_SWIFT_STANDARD_LIBRARIES = YES;
				BUNDLE_LOADER = "$(TEST_HOST)";
				CODE_SIGN_STYLE = Automatic;
				CURRENT_PROJECT_VERSION = 1;
				GENERATE_INFOPLIST_FILE = YES;
				IPHONEOS_DEPLOYMENT_TARGET = 16.4;
				MARKETING_VERSION = 1.0;
				PRODUCT_BUNDLE_IDENTIFIER = "com.project.www.I-am-RichTests";
				PRODUCT_NAME = "$(TARGET_NAME)";
				SWIFT_EMIT_LOC_STRINGS = NO;
				SWIFT_VERSION = 5.0;
				TARGETED_DEVICE_FAMILY = "1,2";
				TEST_HOST = "$(BUILT_PRODUCTS_DIR)/I am Rich.app/$(BUNDLE_EXECUTABLE_FOLDER_PATH)/I am Rich";
			};
			name = Release;
		};
		F8C9D6F52AA8EF42000C0E6B /* Debug */ = {
			isa = XCBuildConfiguration;
			buildSettings = {
				ALWAYS_EMBED_SWIFT_STANDARD_LIBRARIES = YES;
				CODE_SIGN_STYLE = Automatic;
				CURRENT_PROJECT_VERSION = 1;
				GENERATE_INFOPLIST_FILE = YES;
				MARKETING_VERSION = 1.0;
				PRODUCT_BUNDLE_IDENTIFIER = "com.project.www.I-am-RichUITests";
				PRODUCT_NAME = "$(TARGET_NAME)";
				SWIFT_EMIT_LOC_STRINGS = NO;
				SWIFT_VERSION = 5.0;
				TARGETED_DEVICE_FAMILY = "1,2";
				TEST_TARGET_NAME = "I am Rich";
			};
			name = Debug;
		};
		F8C9D6F62AA8EF42000C0E6B /* Release */ = {
			isa = XCBuildConfiguration;
			buildSettings = {
				ALWAYS_EMBED_SWIFT_STANDARD_LIBRARIES = YES;
				CODE_SIGN_STYLE = Automatic;
				CURRENT_PROJECT_VERSION = 1;
				GENERATE_INFOPLIST_FILE = YES;
				MARKETING_VERSION = 1.0;
				PRODUCT_BUNDLE_IDENTIFIER = "com.project.www.I-am-RichUITests";
				PRODUCT_NAME = "$(TARGET_NAME)";
				SWIFT_EMIT_LOC_STRINGS = NO;
				SWIFT_VERSION = 5.0;
				TARGETED_DEVICE_FAMILY = "1,2";
				TEST_TARGET_NAME = "I am Rich";
			};
			name = Release;
		};
/* End XCBuildConfiguration section */

/* Begin XCConfigurationList section */
		F8C9D6BF2AA8EF3F000C0E6B /* Build configuration list for PBXProject "I am Rich" */ = {
			isa = XCConfigurationList;
			buildConfigurations = (
				F8C9D6EC2AA8EF42000C0E6B /* Debug */,
				F8C9D6ED2AA8EF42000C0E6B /* Release */,
			);
			defaultConfigurationIsVisible = 0;
			defaultConfigurationName = Release;
		};
		F8C9D6EE2AA8EF42000C0E6B /* Build configuration list for PBXNativeTarget "I am Rich" */ = {
			isa = XCConfigurationList;
			buildConfigurations = (
				F8C9D6EF2AA8EF42000C0E6B /* Debug */,
				F8C9D6F02AA8EF42000C0E6B /* Release */,
			);
			defaultConfigurationIsVisible = 0;
			defaultConfigurationName = Release;
		};
		F8C9D6F12AA8EF42000C0E6B /* Build configuration list for PBXNativeTarget "I am RichTests" */ = {
			isa = XCConfigurationList;
			buildConfigurations = (
				F8C9D6F22AA8EF42000C0E6B /* Debug */,
				F8C9D6F32AA8EF42000C0E6B /* Release */,
			);
			defaultConfigurationIsVisible = 0;
			defaultConfigurationName = Release;
		};
		F8C9D6F42AA8EF42000C0E6B /* Build configuration list for PBXNativeTarget "I am RichUITests" */ = {
			isa = XCConfigurationList;
			buildConfigurations = (
				F8C9D6F52AA8EF42000C0E6B /* Debug */,
				F8C9D6F62AA8EF42000C0E6B /* Release */,
			);
			defaultConfigurationIsVisible = 0;
			defaultConfigurationName = Release;
		};
/* End XCConfigurationList section */
	};
	rootObject = F8C9D6BC2AA8EF3F000C0E6B /* Project object */;
}
